
Microsoft Visual Studio Solution File, Format Version 12.00
# Visual Studio 14
VisualStudioVersion = 14.0.24720.0
MinimumVisualStudioVersion = 10.0.40219.1
Project("{FAE04EC0-301F-11D3-BF4B-00C04F79EFBC}") = "BinaryTree.Droid", "BinaryTree\BinaryTree.Droid\BinaryTree.Droid.csproj", "{51B15409-63AD-4515-98DA-7B952F20EE09}"
EndProject
Project("{FAE04EC0-301F-11D3-BF4B-00C04F79EFBC}") = "BinaryTree.iOS", "BinaryTree\BinaryTree.iOS\BinaryTree.iOS.csproj", "{C978B774-ECCF-4BD2-AE6B-2442E83DF423}"
EndProject
Project("{FAE04EC0-301F-11D3-BF4B-00C04F79EFBC}") = "BinaryTree.WinPhone", "BinaryTree\BinaryTree.WinPhone\BinaryTree.WinPhone.csproj", "{487AFF3E-15E0-4448-B988-07EA802B7C3A}"
EndProject
Project("{FAE04EC0-301F-11D3-BF4B-00C04F79EFBC}") = "BinaryTree.Windows", "BinaryTree\BinaryTree.Windows\BinaryTree.Windows.csproj", "{B22960A1-2B17-4F39-B925-190A9CF9EE9F}"
EndProject
Project("{FAE04EC0-301F-11D3-BF4B-00C04F79EFBC}") = "BinaryTree", "BinaryTree\BinaryTree\BinaryTree.csproj", "{F1AEE19E-6991-4D3B-BE49-C111D075A01C}"
EndProject
Global
	GlobalSection(SolutionConfigurationPlatforms) = preSolution
		Ad-Hoc|Any CPU = Ad-Hoc|Any CPU
		Ad-Hoc|ARM = Ad-Hoc|ARM
		Ad-Hoc|iPhone = Ad-Hoc|iPhone
		Ad-Hoc|iPhoneSimulator = Ad-Hoc|iPhoneSimulator
		Ad-Hoc|x64 = Ad-Hoc|x64
		Ad-Hoc|x86 = Ad-Hoc|x86
		AppStore|Any CPU = AppStore|Any CPU
		AppStore|ARM = AppStore|ARM
		AppStore|iPhone = AppStore|iPhone
		AppStore|iPhoneSimulator = AppStore|iPhoneSimulator
		AppStore|x64 = AppStore|x64
		AppStore|x86 = AppStore|x86
		Debug|Any CPU = Debug|Any CPU
		Debug|ARM = Debug|ARM
		Debug|iPhone = Debug|iPhone
		Debug|iPhoneSimulator = Debug|iPhoneSimulator
		Debug|x64 = Debug|x64
		Debug|x86 = Debug|x86
		Release|Any CPU = Release|Any CPU
		Release|ARM = Release|ARM
		Release|iPhone = Release|iPhone
		Release|iPhoneSimulator = Release|iPhoneSimulator
		Release|x64 = Release|x64
		Release|x86 = Release|x86
	EndGlobalSection
	GlobalSection(ProjectConfigurationPlatforms) = postSolution
		{51B15409-63AD-4515-98DA-7B952F20EE09}.Ad-Hoc|Any CPU.ActiveCfg = Release|Any CPU
		{51B15409-63AD-4515-98DA-7B952F20EE09}.Ad-Hoc|Any CPU.Build.0 = Release|Any CPU
		{51B15409-63AD-4515-98DA-7B952F20EE09}.Ad-Hoc|Any CPU.Deploy.0 = Release|Any CPU
		{51B15409-63AD-4515-98DA-7B952F20EE09}.Ad-Hoc|ARM.ActiveCfg = Release|Any CPU
		{51B15409-63AD-4515-98DA-7B952F20EE09}.Ad-Hoc|ARM.Build.0 = Release|Any CPU
		{51B15409-63AD-4515-98DA-7B952F20EE09}.Ad-Hoc|ARM.Deploy.0 = Release|Any CPU
		{51B15409-63AD-4515-98DA-7B952F20EE09}.Ad-Hoc|iPhone.ActiveCfg = Release|Any CPU
		{51B15409-63AD-4515-98DA-7B952F20EE09}.Ad-Hoc|iPhone.Build.0 = Release|Any CPU
		{51B15409-63AD-4515-98DA-7B952F20EE09}.Ad-Hoc|iPhone.Deploy.0 = Release|Any CPU
		{51B15409-63AD-4515-98DA-7B952F20EE09}.Ad-Hoc|iPhoneSimulator.ActiveCfg = Release|Any CPU
		{51B15409-63AD-4515-98DA-7B952F20EE09}.Ad-Hoc|iPhoneSimulator.Build.0 = Release|Any CPU
		{51B15409-63AD-4515-98DA-7B952F20EE09}.Ad-Hoc|iPhoneSimulator.Deploy.0 = Release|Any CPU
		{51B15409-63AD-4515-98DA-7B952F20EE09}.Ad-Hoc|x64.ActiveCfg = Release|Any CPU
		{51B15409-63AD-4515-98DA-7B952F20EE09}.Ad-Hoc|x64.Build.0 = Release|Any CPU
		{51B15409-63AD-4515-98DA-7B952F20EE09}.Ad-Hoc|x64.Deploy.0 = Release|Any CPU
		{51B15409-63AD-4515-98DA-7B952F20EE09}.Ad-Hoc|x86.ActiveCfg = Release|Any CPU
		{51B15409-63AD-4515-98DA-7B952F20EE09}.Ad-Hoc|x86.Build.0 = Release|Any CPU
		{51B15409-63AD-4515-98DA-7B952F20EE09}.Ad-Hoc|x86.Deploy.0 = Release|Any CPU
		{51B15409-63AD-4515-98DA-7B952F20EE09}.AppStore|Any CPU.ActiveCfg = Release|Any CPU
		{51B15409-63AD-4515-98DA-7B952F20EE09}.AppStore|Any CPU.Build.0 = Release|Any CPU
		{51B15409-63AD-4515-98DA-7B952F20EE09}.AppStore|Any CPU.Deploy.0 = Release|Any CPU
		{51B15409-63AD-4515-98DA-7B952F20EE09}.AppStore|ARM.ActiveCfg = Release|Any CPU
		{51B15409-63AD-4515-98DA-7B952F20EE09}.AppStore|ARM.Build.0 = Release|Any CPU
		{51B15409-63AD-4515-98DA-7B952F20EE09}.AppStore|ARM.Deploy.0 = Release|Any CPU
		{51B15409-63AD-4515-98DA-7B952F20EE09}.AppStore|iPhone.ActiveCfg = Release|Any CPU
		{51B15409-63AD-4515-98DA-7B952F20EE09}.AppStore|iPhone.Build.0 = Release|Any CPU
		{51B15409-63AD-4515-98DA-7B952F20EE09}.AppStore|iPhone.Deploy.0 = Release|Any CPU
		{51B15409-63AD-4515-98DA-7B952F20EE09}.AppStore|iPhoneSimulator.ActiveCfg = Release|Any CPU
		{51B15409-63AD-4515-98DA-7B952F20EE09}.AppStore|iPhoneSimulator.Build.0 = Release|Any CPU
		{51B15409-63AD-4515-98DA-7B952F20EE09}.AppStore|iPhoneSimulator.Deploy.0 = Release|Any CPU
		{51B15409-63AD-4515-98DA-7B952F20EE09}.AppStore|x64.ActiveCfg = Release|Any CPU
		{51B15409-63AD-4515-98DA-7B952F20EE09}.AppStore|x64.Build.0 = Release|Any CPU
		{51B15409-63AD-4515-98DA-7B952F20EE09}.AppStore|x64.Deploy.0 = Release|Any CPU
		{51B15409-63AD-4515-98DA-7B952F20EE09}.AppStore|x86.ActiveCfg = Release|Any CPU
		{51B15409-63AD-4515-98DA-7B952F20EE09}.AppStore|x86.Build.0 = Release|Any CPU
		{51B15409-63AD-4515-98DA-7B952F20EE09}.AppStore|x86.Deploy.0 = Release|Any CPU
		{51B15409-63AD-4515-98DA-7B952F20EE09}.Debug|Any CPU.ActiveCfg = Debug|Any CPU
		{51B15409-63AD-4515-98DA-7B952F20EE09}.Debug|Any CPU.Build.0 = Debug|Any CPU
		{51B15409-63AD-4515-98DA-7B952F20EE09}.Debug|Any CPU.Deploy.0 = Debug|Any CPU
		{51B15409-63AD-4515-98DA-7B952F20EE09}.Debug|ARM.ActiveCfg = Debug|Any CPU
		{51B15409-63AD-4515-98DA-7B952F20EE09}.Debug|ARM.Build.0 = Debug|Any CPU
		{51B15409-63AD-4515-98DA-7B952F20EE09}.Debug|ARM.Deploy.0 = Debug|Any CPU
		{51B15409-63AD-4515-98DA-7B952F20EE09}.Debug|iPhone.ActiveCfg = Debug|Any CPU
		{51B15409-63AD-4515-98DA-7B952F20EE09}.Debug|iPhone.Build.0 = Debug|Any CPU
		{51B15409-63AD-4515-98DA-7B952F20EE09}.Debug|iPhone.Deploy.0 = Debug|Any CPU
		{51B15409-63AD-4515-98DA-7B952F20EE09}.Debug|iPhoneSimulator.ActiveCfg = Debug|Any CPU
		{51B15409-63AD-4515-98DA-7B952F20EE09}.Debug|iPhoneSimulator.Build.0 = Debug|Any CPU
		{51B15409-63AD-4515-98DA-7B952F20EE09}.Debug|iPhoneSimulator.Deploy.0 = Debug|Any CPU
		{51B15409-63AD-4515-98DA-7B952F20EE09}.Debug|x64.ActiveCfg = Debug|Any CPU
		{51B15409-63AD-4515-98DA-7B952F20EE09}.Debug|x64.Build.0 = Debug|Any CPU
		{51B15409-63AD-4515-98DA-7B952F20EE09}.Debug|x64.Deploy.0 = Debug|Any CPU
		{51B15409-63AD-4515-98DA-7B952F20EE09}.Debug|x86.ActiveCfg = Debug|Any CPU
		{51B15409-63AD-4515-98DA-7B952F20EE09}.Debug|x86.Build.0 = Debug|Any CPU
		{51B15409-63AD-4515-98DA-7B952F20EE09}.Debug|x86.Deploy.0 = Debug|Any CPU
		{51B15409-63AD-4515-98DA-7B952F20EE09}.Release|Any CPU.ActiveCfg = Release|Any CPU
		{51B15409-63AD-4515-98DA-7B952F20EE09}.Release|Any CPU.Build.0 = Release|Any CPU
		{51B15409-63AD-4515-98DA-7B952F20EE09}.Release|Any CPU.Deploy.0 = Release|Any CPU
		{51B15409-63AD-4515-98DA-7B952F20EE09}.Release|ARM.ActiveCfg = Release|Any CPU
		{51B15409-63AD-4515-98DA-7B952F20EE09}.Release|ARM.Build.0 = Release|Any CPU
		{51B15409-63AD-4515-98DA-7B952F20EE09}.Release|ARM.Deploy.0 = Release|Any CPU
		{51B15409-63AD-4515-98DA-7B952F20EE09}.Release|iPhone.ActiveCfg = Release|Any CPU
		{51B15409-63AD-4515-98DA-7B952F20EE09}.Release|iPhone.Build.0 = Release|Any CPU
		{51B15409-63AD-4515-98DA-7B952F20EE09}.Release|iPhone.Deploy.0 = Release|Any CPU
		{51B15409-63AD-4515-98DA-7B952F20EE09}.Release|iPhoneSimulator.ActiveCfg = Release|Any CPU
		{51B15409-63AD-4515-98DA-7B952F20EE09}.Release|iPhoneSimulator.Build.0 = Release|Any CPU
		{51B15409-63AD-4515-98DA-7B952F20EE09}.Release|iPhoneSimulator.Deploy.0 = Release|Any CPU
		{51B15409-63AD-4515-98DA-7B952F20EE09}.Release|x64.ActiveCfg = Release|Any CPU
		{51B15409-63AD-4515-98DA-7B952F20EE09}.Release|x64.Build.0 = Release|Any CPU
		{51B15409-63AD-4515-98DA-7B952F20EE09}.Release|x64.Deploy.0 = Release|Any CPU
		{51B15409-63AD-4515-98DA-7B952F20EE09}.Release|x86.ActiveCfg = Release|Any CPU
		{51B15409-63AD-4515-98DA-7B952F20EE09}.Release|x86.Build.0 = Release|Any CPU
		{51B15409-63AD-4515-98DA-7B952F20EE09}.Release|x86.Deploy.0 = Release|Any CPU
		{C978B774-ECCF-4BD2-AE6B-2442E83DF423}.Ad-Hoc|Any CPU.ActiveCfg = Ad-Hoc|iPhone
		{C978B774-ECCF-4BD2-AE6B-2442E83DF423}.Ad-Hoc|ARM.ActiveCfg = Ad-Hoc|iPhone
		{C978B774-ECCF-4BD2-AE6B-2442E83DF423}.Ad-Hoc|iPhone.ActiveCfg = Ad-Hoc|iPhone
		{C978B774-ECCF-4BD2-AE6B-2442E83DF423}.Ad-Hoc|iPhone.Build.0 = Ad-Hoc|iPhone
		{C978B774-ECCF-4BD2-AE6B-2442E83DF423}.Ad-Hoc|iPhoneSimulator.ActiveCfg = Ad-Hoc|iPhoneSimulator
		{C978B774-ECCF-4BD2-AE6B-2442E83DF423}.Ad-Hoc|iPhoneSimulator.Build.0 = Ad-Hoc|iPhoneSimulator
		{C978B774-ECCF-4BD2-AE6B-2442E83DF423}.Ad-Hoc|x64.ActiveCfg = Ad-Hoc|iPhone
		{C978B774-ECCF-4BD2-AE6B-2442E83DF423}.Ad-Hoc|x86.ActiveCfg = Ad-Hoc|iPhone
		{C978B774-ECCF-4BD2-AE6B-2442E83DF423}.AppStore|Any CPU.ActiveCfg = AppStore|iPhone
		{C978B774-ECCF-4BD2-AE6B-2442E83DF423}.AppStore|ARM.ActiveCfg = AppStore|iPhone
		{C978B774-ECCF-4BD2-AE6B-2442E83DF423}.AppStore|iPhone.ActiveCfg = AppStore|iPhone
		{C978B774-ECCF-4BD2-AE6B-2442E83DF423}.AppStore|iPhone.Build.0 = AppStore|iPhone
		{C978B774-ECCF-4BD2-AE6B-2442E83DF423}.AppStore|iPhoneSimulator.ActiveCfg = AppStore|iPhoneSimulator
		{C978B774-ECCF-4BD2-AE6B-2442E83DF423}.AppStore|iPhoneSimulator.Build.0 = AppStore|iPhoneSimulator
		{C978B774-ECCF-4BD2-AE6B-2442E83DF423}.AppStore|x64.ActiveCfg = AppStore|iPhone
		{C978B774-ECCF-4BD2-AE6B-2442E83DF423}.AppStore|x86.ActiveCfg = AppStore|iPhone
		{C978B774-ECCF-4BD2-AE6B-2442E83DF423}.Debug|Any CPU.ActiveCfg = Debug|iPhone
		{C978B774-ECCF-4BD2-AE6B-2442E83DF423}.Debug|ARM.ActiveCfg = Debug|iPhone
		{C978B774-ECCF-4BD2-AE6B-2442E83DF423}.Debug|iPhone.ActiveCfg = Debug|iPhone
		{C978B774-ECCF-4BD2-AE6B-2442E83DF423}.Debug|iPhone.Build.0 = Debug|iPhone
		{C978B774-ECCF-4BD2-AE6B-2442E83DF423}.Debug|iPhoneSimulator.ActiveCfg = Debug|iPhoneSimulator
		{C978B774-ECCF-4BD2-AE6B-2442E83DF423}.Debug|iPhoneSimulator.Build.0 = Debug|iPhoneSimulator
		{C978B774-ECCF-4BD2-AE6B-2442E83DF423}.Debug|x64.ActiveCfg = Debug|iPhone
		{C978B774-ECCF-4BD2-AE6B-2442E83DF423}.Debug|x86.ActiveCfg = Debug|iPhone
		{C978B774-ECCF-4BD2-AE6B-2442E83DF423}.Release|Any CPU.ActiveCfg = Release|iPhone
		{C978B774-ECCF-4BD2-AE6B-2442E83DF423}.Release|ARM.ActiveCfg = Release|iPhone
		{C978B774-ECCF-4BD2-AE6B-2442E83DF423}.Release|iPhone.ActiveCfg = Release|iPhone
		{C978B774-ECCF-4BD2-AE6B-2442E83DF423}.Release|iPhone.Build.0 = Release|iPhone
		{C978B774-ECCF-4BD2-AE6B-2442E83DF423}.Release|iPhoneSimulator.ActiveCfg = Release|iPhoneSimulator
		{C978B774-ECCF-4BD2-AE6B-2442E83DF423}.Release|iPhoneSimulator.Build.0 = Release|iPhoneSimulator
		{C978B774-ECCF-4BD2-AE6B-2442E83DF423}.Release|x64.ActiveCfg = Release|iPhone
		{C978B774-ECCF-4BD2-AE6B-2442E83DF423}.Release|x86.ActiveCfg = Release|iPhone
		{487AFF3E-15E0-4448-B988-07EA802B7C3A}.Ad-Hoc|Any CPU.ActiveCfg = Release|Any CPU
		{487AFF3E-15E0-4448-B988-07EA802B7C3A}.Ad-Hoc|Any CPU.Build.0 = Release|Any CPU
		{487AFF3E-15E0-4448-B988-07EA802B7C3A}.Ad-Hoc|Any CPU.Deploy.0 = Release|Any CPU
		{487AFF3E-15E0-4448-B988-07EA802B7C3A}.Ad-Hoc|ARM.ActiveCfg = Release|ARM
		{487AFF3E-15E0-4448-B988-07EA802B7C3A}.Ad-Hoc|ARM.Build.0 = Release|ARM
		{487AFF3E-15E0-4448-B988-07EA802B7C3A}.Ad-Hoc|ARM.Deploy.0 = Release|ARM
		{487AFF3E-15E0-4448-B988-07EA802B7C3A}.Ad-Hoc|iPhone.ActiveCfg = Release|Any CPU
		{487AFF3E-15E0-4448-B988-07EA802B7C3A}.Ad-Hoc|iPhone.Build.0 = Release|Any CPU
		{487AFF3E-15E0-4448-B988-07EA802B7C3A}.Ad-Hoc|iPhone.Deploy.0 = Release|Any CPU
		{487AFF3E-15E0-4448-B988-07EA802B7C3A}.Ad-Hoc|iPhoneSimulator.ActiveCfg = Release|Any CPU
		{487AFF3E-15E0-4448-B988-07EA802B7C3A}.Ad-Hoc|iPhoneSimulator.Build.0 = Release|Any CPU
		{487AFF3E-15E0-4448-B988-07EA802B7C3A}.Ad-Hoc|iPhoneSimulator.Deploy.0 = Release|Any CPU
		{487AFF3E-15E0-4448-B988-07EA802B7C3A}.Ad-Hoc|x64.ActiveCfg = Release|Any CPU
		{487AFF3E-15E0-4448-B988-07EA802B7C3A}.Ad-Hoc|x64.Build.0 = Release|Any CPU
		{487AFF3E-15E0-4448-B988-07EA802B7C3A}.Ad-Hoc|x64.Deploy.0 = Release|Any CPU
		{487AFF3E-15E0-4448-B988-07EA802B7C3A}.Ad-Hoc|x86.ActiveCfg = Release|x86
		{487AFF3E-15E0-4448-B988-07EA802B7C3A}.Ad-Hoc|x86.Build.0 = Release|x86
		{487AFF3E-15E0-4448-B988-07EA802B7C3A}.Ad-Hoc|x86.Deploy.0 = Release|x86
		{487AFF3E-15E0-4448-B988-07EA802B7C3A}.AppStore|Any CPU.ActiveCfg = Release|Any CPU
		{487AFF3E-15E0-4448-B988-07EA802B7C3A}.AppStore|Any CPU.Build.0 = Release|Any CPU
		{487AFF3E-15E0-4448-B988-07EA802B7C3A}.AppStore|Any CPU.Deploy.0 = Release|Any CPU
		{487AFF3E-15E0-4448-B988-07EA802B7C3A}.AppStore|ARM.ActiveCfg = Release|ARM
		{487AFF3E-15E0-4448-B988-07EA802B7C3A}.AppStore|ARM.Build.0 = Release|ARM
		{487AFF3E-15E0-4448-B988-07EA802B7C3A}.AppStore|ARM.Deploy.0 = Release|ARM
		{487AFF3E-15E0-4448-B988-07EA802B7C3A}.AppStore|iPhone.ActiveCfg = Release|Any CPU
		{487AFF3E-15E0-4448-B988-07EA802B7C3A}.AppStore|iPhone.Build.0 = Release|Any CPU
		{487AFF3E-15E0-4448-B988-07EA802B7C3A}.AppStore|iPhone.Deploy.0 = Release|Any CPU
		{487AFF3E-15E0-4448-B988-07EA802B7C3A}.AppStore|iPhoneSimulator.ActiveCfg = Release|Any CPU
		{487AFF3E-15E0-4448-B988-07EA802B7C3A}.AppStore|iPhoneSimulator.Build.0 = Release|Any CPU
		{487AFF3E-15E0-4448-B988-07EA802B7C3A}.AppStore|iPhoneSimulator.Deploy.0 = Release|Any CPU
		{487AFF3E-15E0-4448-B988-07EA802B7C3A}.AppStore|x64.ActiveCfg = Release|Any CPU
		{487AFF3E-15E0-4448-B988-07EA802B7C3A}.AppStore|x64.Build.0 = Release|Any CPU
		{487AFF3E-15E0-4448-B988-07EA802B7C3A}.AppStore|x64.Deploy.0 = Release|Any CPU
		{487AFF3E-15E0-4448-B988-07EA802B7C3A}.AppStore|x86.ActiveCfg = Release|x86
		{487AFF3E-15E0-4448-B988-07EA802B7C3A}.AppStore|x86.Build.0 = Release|x86
		{487AFF3E-15E0-4448-B988-07EA802B7C3A}.AppStore|x86.Deploy.0 = Release|x86
		{487AFF3E-15E0-4448-B988-07EA802B7C3A}.Debug|Any CPU.ActiveCfg = Debug|Any CPU
		{487AFF3E-15E0-4448-B988-07EA802B7C3A}.Debug|Any CPU.Build.0 = Debug|Any CPU
		{487AFF3E-15E0-4448-B988-07EA802B7C3A}.Debug|Any CPU.Deploy.0 = Debug|Any CPU
		{487AFF3E-15E0-4448-B988-07EA802B7C3A}.Debug|ARM.ActiveCfg = Debug|ARM
		{487AFF3E-15E0-4448-B988-07EA802B7C3A}.Debug|ARM.Build.0 = Debug|ARM
		{487AFF3E-15E0-4448-B988-07EA802B7C3A}.Debug|ARM.Deploy.0 = Debug|ARM
		{487AFF3E-15E0-4448-B988-07EA802B7C3A}.Debug|iPhone.ActiveCfg = Debug|Any CPU
		{487AFF3E-15E0-4448-B988-07EA802B7C3A}.Debug|iPhone.Build.0 = Debug|Any CPU
		{487AFF3E-15E0-4448-B988-07EA802B7C3A}.Debug|iPhone.Deploy.0 = Debug|Any CPU
		{487AFF3E-15E0-4448-B988-07EA802B7C3A}.Debug|iPhoneSimulator.ActiveCfg = Debug|Any CPU
		{487AFF3E-15E0-4448-B988-07EA802B7C3A}.Debug|iPhoneSimulator.Build.0 = Debug|Any CPU
		{487AFF3E-15E0-4448-B988-07EA802B7C3A}.Debug|iPhoneSimulator.Deploy.0 = Debug|Any CPU
		{487AFF3E-15E0-4448-B988-07EA802B7C3A}.Debug|x64.ActiveCfg = Debug|Any CPU
		{487AFF3E-15E0-4448-B988-07EA802B7C3A}.Debug|x64.Build.0 = Debug|Any CPU
		{487AFF3E-15E0-4448-B988-07EA802B7C3A}.Debug|x64.Deploy.0 = Debug|Any CPU
		{487AFF3E-15E0-4448-B988-07EA802B7C3A}.Debug|x86.ActiveCfg = Debug|x86
		{487AFF3E-15E0-4448-B988-07EA802B7C3A}.Debug|x86.Build.0 = Debug|x86
		{487AFF3E-15E0-4448-B988-07EA802B7C3A}.Debug|x86.Deploy.0 = Debug|x86
		{487AFF3E-15E0-4448-B988-07EA802B7C3A}.Release|Any CPU.ActiveCfg = Release|Any CPU
		{487AFF3E-15E0-4448-B988-07EA802B7C3A}.Release|Any CPU.Build.0 = Release|Any CPU
		{487AFF3E-15E0-4448-B988-07EA802B7C3A}.Release|Any CPU.Deploy.0 = Release|Any CPU
		{487AFF3E-15E0-4448-B988-07EA802B7C3A}.Release|ARM.ActiveCfg = Release|ARM
		{487AFF3E-15E0-4448-B988-07EA802B7C3A}.Release|ARM.Build.0 = Release|ARM
		{487AFF3E-15E0-4448-B988-07EA802B7C3A}.Release|ARM.Deploy.0 = Release|ARM
		{487AFF3E-15E0-4448-B988-07EA802B7C3A}.Release|iPhone.ActiveCfg = Release|Any CPU
		{487AFF3E-15E0-4448-B988-07EA802B7C3A}.Release|iPhone.Build.0 = Release|Any CPU
		{487AFF3E-15E0-4448-B988-07EA802B7C3A}.Release|iPhone.Deploy.0 = Release|Any CPU
		{487AFF3E-15E0-4448-B988-07EA802B7C3A}.Release|iPhoneSimulator.ActiveCfg = Release|Any CPU
		{487AFF3E-15E0-4448-B988-07EA802B7C3A}.Release|iPhoneSimulator.Build.0 = Release|Any CPU
		{487AFF3E-15E0-4448-B988-07EA802B7C3A}.Release|iPhoneSimulator.Deploy.0 = Release|Any CPU
		{487AFF3E-15E0-4448-B988-07EA802B7C3A}.Release|x64.ActiveCfg = Release|Any CPU
		{487AFF3E-15E0-4448-B988-07EA802B7C3A}.Release|x64.Build.0 = Release|Any CPU
		{487AFF3E-15E0-4448-B988-07EA802B7C3A}.Release|x64.Deploy.0 = Release|Any CPU
		{487AFF3E-15E0-4448-B988-07EA802B7C3A}.Release|x86.ActiveCfg = Release|x86
		{487AFF3E-15E0-4448-B988-07EA802B7C3A}.Release|x86.Build.0 = Release|x86
		{487AFF3E-15E0-4448-B988-07EA802B7C3A}.Release|x86.Deploy.0 = Release|x86
		{B22960A1-2B17-4F39-B925-190A9CF9EE9F}.Ad-Hoc|Any CPU.ActiveCfg = Release|Any CPU
		{B22960A1-2B17-4F39-B925-190A9CF9EE9F}.Ad-Hoc|Any CPU.Build.0 = Release|Any CPU
		{B22960A1-2B17-4F39-B925-190A9CF9EE9F}.Ad-Hoc|Any CPU.Deploy.0 = Release|Any CPU
		{B22960A1-2B17-4F39-B925-190A9CF9EE9F}.Ad-Hoc|ARM.ActiveCfg = Release|ARM
		{B22960A1-2B17-4F39-B925-190A9CF9EE9F}.Ad-Hoc|ARM.Build.0 = Release|ARM
		{B22960A1-2B17-4F39-B925-190A9CF9EE9F}.Ad-Hoc|ARM.Deploy.0 = Release|ARM
		{B22960A1-2B17-4F39-B925-190A9CF9EE9F}.Ad-Hoc|iPhone.ActiveCfg = Release|Any CPU
		{B22960A1-2B17-4F39-B925-190A9CF9EE9F}.Ad-Hoc|iPhone.Build.0 = Release|Any CPU
		{B22960A1-2B17-4F39-B925-190A9CF9EE9F}.Ad-Hoc|iPhone.Deploy.0 = Release|Any CPU
		{B22960A1-2B17-4F39-B925-190A9CF9EE9F}.Ad-Hoc|iPhoneSimulator.ActiveCfg = Release|Any CPU
		{B22960A1-2B17-4F39-B925-190A9CF9EE9F}.Ad-Hoc|iPhoneSimulator.Build.0 = Release|Any CPU
		{B22960A1-2B17-4F39-B925-190A9CF9EE9F}.Ad-Hoc|iPhoneSimulator.Deploy.0 = Release|Any CPU
		{B22960A1-2B17-4F39-B925-190A9CF9EE9F}.Ad-Hoc|x64.ActiveCfg = Release|x64
		{B22960A1-2B17-4F39-B925-190A9CF9EE9F}.Ad-Hoc|x64.Build.0 = Release|x64
		{B22960A1-2B17-4F39-B925-190A9CF9EE9F}.Ad-Hoc|x64.Deploy.0 = Release|x64
		{B22960A1-2B17-4F39-B925-190A9CF9EE9F}.Ad-Hoc|x86.ActiveCfg = Release|x86
		{B22960A1-2B17-4F39-B925-190A9CF9EE9F}.Ad-Hoc|x86.Build.0 = Release|x86
		{B22960A1-2B17-4F39-B925-190A9CF9EE9F}.Ad-Hoc|x86.Deploy.0 = Release|x86
		{B22960A1-2B17-4F39-B925-190A9CF9EE9F}.AppStore|Any CPU.ActiveCfg = Release|Any CPU
		{B22960A1-2B17-4F39-B925-190A9CF9EE9F}.AppStore|Any CPU.Build.0 = Release|Any CPU
		{B22960A1-2B17-4F39-B925-190A9CF9EE9F}.AppStore|Any CPU.Deploy.0 = Release|Any CPU
		{B22960A1-2B17-4F39-B925-190A9CF9EE9F}.AppStore|ARM.ActiveCfg = Release|ARM
		{B22960A1-2B17-4F39-B925-190A9CF9EE9F}.AppStore|ARM.Build.0 = Release|ARM
		{B22960A1-2B17-4F39-B925-190A9CF9EE9F}.AppStore|ARM.Deploy.0 = Release|ARM
		{B22960A1-2B17-4F39-B925-190A9CF9EE9F}.AppStore|iPhone.ActiveCfg = Release|Any CPU
		{B22960A1-2B17-4F39-B925-190A9CF9EE9F}.AppStore|iPhone.Build.0 = Release|Any CPU
		{B22960A1-2B17-4F39-B925-190A9CF9EE9F}.AppStore|iPhone.Deploy.0 = Release|Any CPU
		{B22960A1-2B17-4F39-B925-190A9CF9EE9F}.AppStore|iPhoneSimulator.ActiveCfg = Release|Any CPU
		{B22960A1-2B17-4F39-B925-190A9CF9EE9F}.AppStore|iPhoneSimulator.Build.0 = Release|Any CPU
		{B22960A1-2B17-4F39-B925-190A9CF9EE9F}.AppStore|iPhoneSimulator.Deploy.0 = Release|Any CPU
		{B22960A1-2B17-4F39-B925-190A9CF9EE9F}.AppStore|x64.ActiveCfg = Release|x64
		{B22960A1-2B17-4F39-B925-190A9CF9EE9F}.AppStore|x64.Build.0 = Release|x64
		{B22960A1-2B17-4F39-B925-190A9CF9EE9F}.AppStore|x64.Deploy.0 = Release|x64
		{B22960A1-2B17-4F39-B925-190A9CF9EE9F}.AppStore|x86.ActiveCfg = Release|x86
		{B22960A1-2B17-4F39-B925-190A9CF9EE9F}.AppStore|x86.Build.0 = Release|x86
		{B22960A1-2B17-4F39-B925-190A9CF9EE9F}.AppStore|x86.Deploy.0 = Release|x86
		{B22960A1-2B17-4F39-B925-190A9CF9EE9F}.Debug|Any CPU.ActiveCfg = Debug|Any CPU
		{B22960A1-2B17-4F39-B925-190A9CF9EE9F}.Debug|Any CPU.Build.0 = Debug|Any CPU
		{B22960A1-2B17-4F39-B925-190A9CF9EE9F}.Debug|Any CPU.Deploy.0 = Debug|Any CPU
		{B22960A1-2B17-4F39-B925-190A9CF9EE9F}.Debug|ARM.ActiveCfg = Debug|ARM
		{B22960A1-2B17-4F39-B925-190A9CF9EE9F}.Debug|ARM.Build.0 = Debug|ARM
		{B22960A1-2B17-4F39-B925-190A9CF9EE9F}.Debug|ARM.Deploy.0 = Debug|ARM
		{B22960A1-2B17-4F39-B925-190A9CF9EE9F}.Debug|iPhone.ActiveCfg = Debug|Any CPU
		{B22960A1-2B17-4F39-B925-190A9CF9EE9F}.Debug|iPhone.Build.0 = Debug|Any CPU
		{B22960A1-2B17-4F39-B925-190A9CF9EE9F}.Debug|iPhone.Deploy.0 = Debug|Any CPU
		{B22960A1-2B17-4F39-B925-190A9CF9EE9F}.Debug|iPhoneSimulator.ActiveCfg = Debug|Any CPU
		{B22960A1-2B17-4F39-B925-190A9CF9EE9F}.Debug|iPhoneSimulator.Build.0 = Debug|Any CPU
		{B22960A1-2B17-4F39-B925-190A9CF9EE9F}.Debug|iPhoneSimulator.Deploy.0 = Debug|Any CPU
		{B22960A1-2B17-4F39-B925-190A9CF9EE9F}.Debug|x64.ActiveCfg = Debug|x64
		{B22960A1-2B17-4F39-B925-190A9CF9EE9F}.Debug|x64.Build.0 = Debug|x64
		{B22960A1-2B17-4F39-B925-190A9CF9EE9F}.Debug|x64.Deploy.0 = Debug|x64
		{B22960A1-2B17-4F39-B925-190A9CF9EE9F}.Debug|x86.ActiveCfg = Debug|x86
		{B22960A1-2B17-4F39-B925-190A9CF9EE9F}.Debug|x86.Build.0 = Debug|x86
		{B22960A1-2B17-4F39-B925-190A9CF9EE9F}.Debug|x86.Deploy.0 = Debug|x86
		{B22960A1-2B17-4F39-B925-190A9CF9EE9F}.Release|Any CPU.ActiveCfg = Release|Any CPU
		{B22960A1-2B17-4F39-B925-190A9CF9EE9F}.Release|Any CPU.Build.0 = Release|Any CPU
		{B22960A1-2B17-4F39-B925-190A9CF9EE9F}.Release|Any CPU.Deploy.0 = Release|Any CPU
		{B22960A1-2B17-4F39-B925-190A9CF9EE9F}.Release|ARM.ActiveCfg = Release|ARM
		{B22960A1-2B17-4F39-B925-190A9CF9EE9F}.Release|ARM.Build.0 = Release|ARM
		{B22960A1-2B17-4F39-B925-190A9CF9EE9F}.Release|ARM.Deploy.0 = Release|ARM
		{B22960A1-2B17-4F39-B925-190A9CF9EE9F}.Release|iPhone.ActiveCfg = Release|Any CPU
		{B22960A1-2B17-4F39-B925-190A9CF9EE9F}.Release|iPhone.Build.0 = Release|Any CPU
		{B22960A1-2B17-4F39-B925-190A9CF9EE9F}.Release|iPhone.Deploy.0 = Release|Any CPU
		{B22960A1-2B17-4F39-B925-190A9CF9EE9F}.Release|iPhoneSimulator.ActiveCfg = Release|Any CPU
		{B22960A1-2B17-4F39-B925-190A9CF9EE9F}.Release|iPhoneSimulator.Build.0 = Release|Any CPU
		{B22960A1-2B17-4F39-B925-190A9CF9EE9F}.Release|iPhoneSimulator.Deploy.0 = Release|Any CPU
		{B22960A1-2B17-4F39-B925-190A9CF9EE9F}.Release|x64.ActiveCfg = Release|x64
		{B22960A1-2B17-4F39-B925-190A9CF9EE9F}.Release|x64.Build.0 = Release|x64
		{B22960A1-2B17-4F39-B925-190A9CF9EE9F}.Release|x64.Deploy.0 = Release|x64
		{B22960A1-2B17-4F39-B925-190A9CF9EE9F}.Release|x86.ActiveCfg = Release|x86
		{B22960A1-2B17-4F39-B925-190A9CF9EE9F}.Release|x86.Build.0 = Release|x86
		{B22960A1-2B17-4F39-B925-190A9CF9EE9F}.Release|x86.Deploy.0 = Release|x86
		{F1AEE19E-6991-4D3B-BE49-C111D075A01C}.Ad-Hoc|Any CPU.ActiveCfg = Release|Any CPU
		{F1AEE19E-6991-4D3B-BE49-C111D075A01C}.Ad-Hoc|Any CPU.Build.0 = Release|Any CPU
		{F1AEE19E-6991-4D3B-BE49-C111D075A01C}.Ad-Hoc|ARM.ActiveCfg = Release|Any CPU
		{F1AEE19E-6991-4D3B-BE49-C111D075A01C}.Ad-Hoc|ARM.Build.0 = Release|Any CPU
		{F1AEE19E-6991-4D3B-BE49-C111D075A01C}.Ad-Hoc|iPhone.ActiveCfg = Release|Any CPU
		{F1AEE19E-6991-4D3B-BE49-C111D075A01C}.Ad-Hoc|iPhone.Build.0 = Release|Any CPU
		{F1AEE19E-6991-4D3B-BE49-C111D075A01C}.Ad-Hoc|iPhoneSimulator.ActiveCfg = Release|Any CPU
		{F1AEE19E-6991-4D3B-BE49-C111D075A01C}.Ad-Hoc|iPhoneSimulator.Build.0 = Release|Any CPU
		{F1AEE19E-6991-4D3B-BE49-C111D075A01C}.Ad-Hoc|x64.ActiveCfg = Release|Any CPU
		{F1AEE19E-6991-4D3B-BE49-C111D075A01C}.Ad-Hoc|x64.Build.0 = Release|Any CPU
		{F1AEE19E-6991-4D3B-BE49-C111D075A01C}.Ad-Hoc|x86.ActiveCfg = Release|Any CPU
		{F1AEE19E-6991-4D3B-BE49-C111D075A01C}.Ad-Hoc|x86.Build.0 = Release|Any CPU
		{F1AEE19E-6991-4D3B-BE49-C111D075A01C}.AppStore|Any CPU.ActiveCfg = Release|Any CPU
		{F1AEE19E-6991-4D3B-BE49-C111D075A01C}.AppStore|Any CPU.Build.0 = Release|Any CPU
		{F1AEE19E-6991-4D3B-BE49-C111D075A01C}.AppStore|ARM.ActiveCfg = Release|Any CPU
		{F1AEE19E-6991-4D3B-BE49-C111D075A01C}.AppStore|ARM.Build.0 = Release|Any CPU
		{F1AEE19E-6991-4D3B-BE49-C111D075A01C}.AppStore|iPhone.ActiveCfg = Release|Any CPU
		{F1AEE19E-6991-4D3B-BE49-C111D075A01C}.AppStore|iPhone.Build.0 = Release|Any CPU
		{F1AEE19E-6991-4D3B-BE49-C111D075A01C}.AppStore|iPhoneSimulator.ActiveCfg = Release|Any CPU
		{F1AEE19E-6991-4D3B-BE49-C111D075A01C}.AppStore|iPhoneSimulator.Build.0 = Release|Any CPU
		{F1AEE19E-6991-4D3B-BE49-C111D075A01C}.AppStore|x64.ActiveCfg = Release|Any CPU
		{F1AEE19E-6991-4D3B-BE49-C111D075A01C}.AppStore|x64.Build.0 = Release|Any CPU
		{F1AEE19E-6991-4D3B-BE49-C111D075A01C}.AppStore|x86.ActiveCfg = Release|Any CPU
		{F1AEE19E-6991-4D3B-BE49-C111D075A01C}.AppStore|x86.Build.0 = Release|Any CPU
		{F1AEE19E-6991-4D3B-BE49-C111D075A01C}.Debug|Any CPU.ActiveCfg = Debug|Any CPU
		{F1AEE19E-6991-4D3B-BE49-C111D075A01C}.Debug|Any CPU.Build.0 = Debug|Any CPU
		{F1AEE19E-6991-4D3B-BE49-C111D075A01C}.Debug|ARM.ActiveCfg = Debug|Any CPU
		{F1AEE19E-6991-4D3B-BE49-C111D075A01C}.Debug|ARM.Build.0 = Debug|Any CPU
		{F1AEE19E-6991-4D3B-BE49-C111D075A01C}.Debug|iPhone.ActiveCfg = Debug|Any CPU
		{F1AEE19E-6991-4D3B-BE49-C111D075A01C}.Debug|iPhone.Build.0 = Debug|Any CPU
		{F1AEE19E-6991-4D3B-BE49-C111D075A01C}.Debug|iPhoneSimulator.ActiveCfg = Debug|Any CPU
		{F1AEE19E-6991-4D3B-BE49-C111D075A01C}.Debug|iPhoneSimulator.Build.0 = Debug|Any CPU
		{F1AEE19E-6991-4D3B-BE49-C111D075A01C}.Debug|x64.ActiveCfg = Debug|Any CPU
		{F1AEE19E-6991-4D3B-BE49-C111D075A01C}.Debug|x64.Build.0 = Debug|Any CPU
		{F1AEE19E-6991-4D3B-BE49-C111D075A01C}.Debug|x86.ActiveCfg = Debug|Any CPU
		{F1AEE19E-6991-4D3B-BE49-C111D075A01C}.Debug|x86.Build.0 = Debug|Any CPU
		{F1AEE19E-6991-4D3B-BE49-C111D075A01C}.Release|Any CPU.ActiveCfg = Release|Any CPU
		{F1AEE19E-6991-4D3B-BE49-C111D075A01C}.Release|Any CPU.Build.0 = Release|Any CPU
		{F1AEE19E-6991-4D3B-BE49-C111D075A01C}.Release|ARM.ActiveCfg = Release|Any CPU
		{F1AEE19E-6991-4D3B-BE49-C111D075A01C}.Release|ARM.Build.0 = Release|Any CPU
		{F1AEE19E-6991-4D3B-BE49-C111D075A01C}.Release|iPhone.ActiveCfg = Release|Any CPU
		{F1AEE19E-6991-4D3B-BE49-C111D075A01C}.Release|iPhone.Build.0 = Release|Any CPU
		{F1AEE19E-6991-4D3B-BE49-C111D075A01C}.Release|iPhoneSimulator.ActiveCfg = Release|Any CPU
		{F1AEE19E-6991-4D3B-BE49-C111D075A01C}.Release|iPhoneSimulator.Build.0 = Release|Any CPU
		{F1AEE19E-6991-4D3B-BE49-C111D075A01C}.Release|x64.ActiveCfg = Release|Any CPU
		{F1AEE19E-6991-4D3B-BE49-C111D075A01C}.Release|x64.Build.0 = Release|Any CPU
		{F1AEE19E-6991-4D3B-BE49-C111D075A01C}.Release|x86.ActiveCfg = Release|Any CPU
		{F1AEE19E-6991-4D3B-BE49-C111D075A01C}.Release|x86.Build.0 = Release|Any CPU
	EndGlobalSection
	GlobalSection(SolutionProperties) = preSolution
		HideSolutionNode = FALSE
	EndGlobalSection
EndGlobal
